
Microsoft Visual Studio Solution File, Format Version 12.00
# Visual Studio Version 17
VisualStudioVersion = 17.14.37614.0 d17.14
MinimumVisualStudioVersion = 10.0.40219.1
Project("{FAE04EC0-301F-11D3-BF4B-00C04F79EFBC}") = "AspNetMinimalistPostbackExample", "AspNetMinimalistPostbackExample\AspNetMinimalistPostbackExample.csproj", "{A8AA61F8-ED10-49EB-94BF-959AC5131B7B}"
EndProject
Global
	GlobalSection(SolutionConfigurationPlatforms) = preSolution
		Debug|Any CPU = Debug|Any CPU
		Release|Any CPU = Release|Any CPU
	EndGlobalSection
	GlobalSection(ProjectConfigurationPlatforms) = postSolution
		{A8AA61F8-ED10-49EB-94BF-959AC5131B7B}.Debug|Any CPU.ActiveCfg = Debug|Any CPU
		{A8AA61F8-ED10-49EB-94BF-959AC5131B7B}.Debug|Any CPU.Build.0 = Debug|Any CPU
		{A8AA61F8-ED10-49EB-94BF-959AC5131B7B}.Release|Any CPU.ActiveCfg = Release|Any CPU
		{A8AA61F8-ED10-49EB-94BF-959AC5131B7B}.Release|Any CPU.Build.0 = Release|Any CPU
	EndGlobalSection
	GlobalSection(SolutionProperties) = preSolution
		HideSolutionNode = FALSE
	EndGlobalSection
	GlobalSection(ExtensibilityGlobals) = postSolution
		SolutionGuid = {BB01F767-DEAF-4A75-B014-667F82C1A930}
	EndGlobalSection
EndGlobal
